
Microsoft Visual Studio Solution File, Format Version 12.00
# Visual Studio 15
VisualStudioVersion = 15.0.28010.2019
MinimumVisualStudioVersion = 10.0.40219.1
Project("{FAE04EC0-301F-11D3-BF4B-00C04F79EFBC}") = "SnakeWpf", "SnakeWpf\SnakeWpf.csproj", "{B3059FEB-AF5B-464C-BFCB-1B744C319C2B}"
EndProject
Project("{FAE04EC0-301F-11D3-BF4B-00C04F79EFBC}") = "Model", "Model\Model.csproj", "{D9DE23AE-562D-4609-A216-17E0589D9D06}"
EndProject
Global
	GlobalSection(SolutionConfigurationPlatforms) = preSolution
		Debug|Any CPU = Debug|Any CPU
		Release|Any CPU = Release|Any CPU
	EndGlobalSection
	GlobalSection(ProjectConfigurationPlatforms) = postSolution
		{B3059FEB-AF5B-464C-BFCB-1B744C319C2B}.Debug|Any CPU.ActiveCfg = Debug|Any CPU
		{B3059FEB-AF5B-464C-BFCB-1B744C319C2B}.Debug|Any CPU.Build.0 = Debug|Any CPU
		{B3059FEB-AF5B-464C-BFCB-1B744C319C2B}.Release|Any CPU.ActiveCfg = Release|Any CPU
		{B3059FEB-AF5B-464C-BFCB-1B744C319C2B}.Release|Any CPU.Build.0 = Release|Any CPU
		{D9DE23AE-562D-4609-A216-17E0589D9D06}.Debug|Any CPU.ActiveCfg = Debug|Any CPU
		{D9DE23AE-562D-4609-A216-17E0589D9D06}.Debug|Any CPU.Build.0 = Debug|Any CPU
		{D9DE23AE-562D-4609-A216-17E0589D9D06}.Release|Any CPU.ActiveCfg = Release|Any CPU
		{D9DE23AE-562D-4609-A216-17E0589D9D06}.Release|Any CPU.Build.0 = Release|Any CPU
	EndGlobalSection
	GlobalSection(SolutionProperties) = preSolution
		HideSolutionNode = FALSE
	EndGlobalSection
	GlobalSection(ExtensibilityGlobals) = postSolution
		SolutionGuid = {72E4F5EA-386A-45A2-B635-2FFC7CAFDB70}
	EndGlobalSection
EndGlobal
